
Microsoft Visual Studio Solution File, Format Version 12.00
# Visual Studio 15
VisualStudioVersion = 15.0.25914.0
MinimumVisualStudioVersion = 10.0.40219.1
Project("{2150E333-8FDC-42A3-9474-1A3956D46DE8}") = "src", "src", "{A7564961-645A-4F79-B1FF-BECAACA6A640}"
EndProject
Project("{2150E333-8FDC-42A3-9474-1A3956D46DE8}") = "Solution Items", "Solution Items", "{8D12EA14-5C04-4014-B47B-F6DFAD201E3E}"
	ProjectSection(SolutionItems) = preProject
		docker-compose.ci.build.yml = docker-compose.ci.build.yml
	EndProjectSection
EndProject
Project("{9A19103F-16F7-4668-BE54-9A1E7A4F7556}") = "MongoDbCore.Web", "src\MongoDbCore.Web\MongoDbCore.Web.csproj", "{AB839E83-C430-482E-9AAD-2EEA4F358D12}"
EndProject
Global
	GlobalSection(SolutionConfigurationPlatforms) = preSolution
		Debug|Any CPU = Debug|Any CPU
		Release|Any CPU = Release|Any CPU
	EndGlobalSection
	GlobalSection(ProjectConfigurationPlatforms) = postSolution
		{AB839E83-C430-482E-9AAD-2EEA4F358D12}.Debug|Any CPU.ActiveCfg = Debug|Any CPU
		{AB839E83-C430-482E-9AAD-2EEA4F358D12}.Debug|Any CPU.Build.0 = Debug|Any CPU
		{AB839E83-C430-482E-9AAD-2EEA4F358D12}.Release|Any CPU.ActiveCfg = Release|Any CPU
		{AB839E83-C430-482E-9AAD-2EEA4F358D12}.Release|Any CPU.Build.0 = Release|Any CPU
	EndGlobalSection
	GlobalSection(SolutionProperties) = preSolution
		HideSolutionNode = FALSE
	EndGlobalSection
	GlobalSection(NestedProjects) = preSolution
		{AB839E83-C430-482E-9AAD-2EEA4F358D12} = {A7564961-645A-4F79-B1FF-BECAACA6A640}
	EndGlobalSection
EndGlobal
