
Microsoft Visual Studio Solution File, Format Version 12.00
# Visual Studio 15
VisualStudioVersion = 15.0.25914.0
MinimumVisualStudioVersion = 10.0.40219.1
Project("{2150E333-8FDC-42A3-9474-1A3956D46DE8}") = "src", "src", "{A7564961-645A-4F79-B1FF-BECAACA6A640}"
EndProject
Project("{2150E333-8FDC-42A3-9474-1A3956D46DE8}") = "Solution Items", "Solution Items", "{8D12EA14-5C04-4014-B47B-F6DFAD201E3E}"
	ProjectSection(SolutionItems) = preProject
		docker-compose.ci.build.yml = docker-compose.ci.build.yml
	EndProjectSection
EndProject
Project("{9A19103F-16F7-4668-BE54-9A1E7A4F7556}") = "MongoDbCore.Business", "src\MongoDbCore.Business\MongoDbCore.Business.csproj", "{2B8665A9-0EC3-46C2-A475-A76771C8E5CF}"
EndProject
Project("{9A19103F-16F7-4668-BE54-9A1E7A4F7556}") = "MongoDbCore.CrossCutting", "src\MongoDbCore.CrossCutting\MongoDbCore.CrossCutting.csproj", "{410100A3-230A-47FE-AC47-4C23A1790508}"
EndProject
Project("{9A19103F-16F7-4668-BE54-9A1E7A4F7556}") = "MongoDbCore.Domain", "src\MongoDbCore.Domain\MongoDbCore.Domain.csproj", "{045F9E7E-B91D-453D-8587-BEA7D8C22F91}"
EndProject
Project("{9A19103F-16F7-4668-BE54-9A1E7A4F7556}") = "MongoDbCore.Persistence", "src\MongoDbCore.Persistence\MongoDbCore.Persistence.csproj", "{021F5A7B-D64D-40D6-AA92-2D564FD9B114}"
EndProject
Project("{9A19103F-16F7-4668-BE54-9A1E7A4F7556}") = "MongoDbCore.Service", "src\MongoDbCore.Service\MongoDbCore.Service.csproj", "{EE60FEAB-8108-46C8-A11F-9FB11CA0E9CE}"
EndProject
Global
	GlobalSection(SolutionConfigurationPlatforms) = preSolution
		Debug|Any CPU = Debug|Any CPU
		Debug|x64 = Debug|x64
		Debug|x86 = Debug|x86
		Release|Any CPU = Release|Any CPU
		Release|x64 = Release|x64
		Release|x86 = Release|x86
	EndGlobalSection
	GlobalSection(ProjectConfigurationPlatforms) = postSolution
		{2B8665A9-0EC3-46C2-A475-A76771C8E5CF}.Debug|Any CPU.ActiveCfg = Debug|Any CPU
		{2B8665A9-0EC3-46C2-A475-A76771C8E5CF}.Debug|Any CPU.Build.0 = Debug|Any CPU
		{2B8665A9-0EC3-46C2-A475-A76771C8E5CF}.Debug|x64.ActiveCfg = Debug|x64
		{2B8665A9-0EC3-46C2-A475-A76771C8E5CF}.Debug|x64.Build.0 = Debug|x64
		{2B8665A9-0EC3-46C2-A475-A76771C8E5CF}.Debug|x86.ActiveCfg = Debug|x86
		{2B8665A9-0EC3-46C2-A475-A76771C8E5CF}.Debug|x86.Build.0 = Debug|x86
		{2B8665A9-0EC3-46C2-A475-A76771C8E5CF}.Release|Any CPU.ActiveCfg = Release|Any CPU
		{2B8665A9-0EC3-46C2-A475-A76771C8E5CF}.Release|Any CPU.Build.0 = Release|Any CPU
		{2B8665A9-0EC3-46C2-A475-A76771C8E5CF}.Release|x64.ActiveCfg = Release|x64
		{2B8665A9-0EC3-46C2-A475-A76771C8E5CF}.Release|x64.Build.0 = Release|x64
		{2B8665A9-0EC3-46C2-A475-A76771C8E5CF}.Release|x86.ActiveCfg = Release|x86
		{2B8665A9-0EC3-46C2-A475-A76771C8E5CF}.Release|x86.Build.0 = Release|x86
		{410100A3-230A-47FE-AC47-4C23A1790508}.Debug|Any CPU.ActiveCfg = Debug|Any CPU
		{410100A3-230A-47FE-AC47-4C23A1790508}.Debug|Any CPU.Build.0 = Debug|Any CPU
		{410100A3-230A-47FE-AC47-4C23A1790508}.Debug|x64.ActiveCfg = Debug|x64
		{410100A3-230A-47FE-AC47-4C23A1790508}.Debug|x64.Build.0 = Debug|x64
		{410100A3-230A-47FE-AC47-4C23A1790508}.Debug|x86.ActiveCfg = Debug|x86
		{410100A3-230A-47FE-AC47-4C23A1790508}.Debug|x86.Build.0 = Debug|x86
		{410100A3-230A-47FE-AC47-4C23A1790508}.Release|Any CPU.ActiveCfg = Release|Any CPU
		{410100A3-230A-47FE-AC47-4C23A1790508}.Release|Any CPU.Build.0 = Release|Any CPU
		{410100A3-230A-47FE-AC47-4C23A1790508}.Release|x64.ActiveCfg = Release|x64
		{410100A3-230A-47FE-AC47-4C23A1790508}.Release|x64.Build.0 = Release|x64
		{410100A3-230A-47FE-AC47-4C23A1790508}.Release|x86.ActiveCfg = Release|x86
		{410100A3-230A-47FE-AC47-4C23A1790508}.Release|x86.Build.0 = Release|x86
		{045F9E7E-B91D-453D-8587-BEA7D8C22F91}.Debug|Any CPU.ActiveCfg = Debug|Any CPU
		{045F9E7E-B91D-453D-8587-BEA7D8C22F91}.Debug|Any CPU.Build.0 = Debug|Any CPU
		{045F9E7E-B91D-453D-8587-BEA7D8C22F91}.Debug|x64.ActiveCfg = Debug|x64
		{045F9E7E-B91D-453D-8587-BEA7D8C22F91}.Debug|x64.Build.0 = Debug|x64
		{045F9E7E-B91D-453D-8587-BEA7D8C22F91}.Debug|x86.ActiveCfg = Debug|x86
		{045F9E7E-B91D-453D-8587-BEA7D8C22F91}.Debug|x86.Build.0 = Debug|x86
		{045F9E7E-B91D-453D-8587-BEA7D8C22F91}.Release|Any CPU.ActiveCfg = Release|Any CPU
		{045F9E7E-B91D-453D-8587-BEA7D8C22F91}.Release|Any CPU.Build.0 = Release|Any CPU
		{045F9E7E-B91D-453D-8587-BEA7D8C22F91}.Release|x64.ActiveCfg = Release|x64
		{045F9E7E-B91D-453D-8587-BEA7D8C22F91}.Release|x64.Build.0 = Release|x64
		{045F9E7E-B91D-453D-8587-BEA7D8C22F91}.Release|x86.ActiveCfg = Release|x86
		{045F9E7E-B91D-453D-8587-BEA7D8C22F91}.Release|x86.Build.0 = Release|x86
		{021F5A7B-D64D-40D6-AA92-2D564FD9B114}.Debug|Any CPU.ActiveCfg = Debug|Any CPU
		{021F5A7B-D64D-40D6-AA92-2D564FD9B114}.Debug|Any CPU.Build.0 = Debug|Any CPU
		{021F5A7B-D64D-40D6-AA92-2D564FD9B114}.Debug|x64.ActiveCfg = Debug|x64
		{021F5A7B-D64D-40D6-AA92-2D564FD9B114}.Debug|x64.Build.0 = Debug|x64
		{021F5A7B-D64D-40D6-AA92-2D564FD9B114}.Debug|x86.ActiveCfg = Debug|x86
		{021F5A7B-D64D-40D6-AA92-2D564FD9B114}.Debug|x86.Build.0 = Debug|x86
		{021F5A7B-D64D-40D6-AA92-2D564FD9B114}.Release|Any CPU.ActiveCfg = Release|Any CPU
		{021F5A7B-D64D-40D6-AA92-2D564FD9B114}.Release|Any CPU.Build.0 = Release|Any CPU
		{021F5A7B-D64D-40D6-AA92-2D564FD9B114}.Release|x64.ActiveCfg = Release|x64
		{021F5A7B-D64D-40D6-AA92-2D564FD9B114}.Release|x64.Build.0 = Release|x64
		{021F5A7B-D64D-40D6-AA92-2D564FD9B114}.Release|x86.ActiveCfg = Release|x86
		{021F5A7B-D64D-40D6-AA92-2D564FD9B114}.Release|x86.Build.0 = Release|x86
		{EE60FEAB-8108-46C8-A11F-9FB11CA0E9CE}.Debug|Any CPU.ActiveCfg = Debug|Any CPU
		{EE60FEAB-8108-46C8-A11F-9FB11CA0E9CE}.Debug|Any CPU.Build.0 = Debug|Any CPU
		{EE60FEAB-8108-46C8-A11F-9FB11CA0E9CE}.Debug|x64.ActiveCfg = Debug|x64
		{EE60FEAB-8108-46C8-A11F-9FB11CA0E9CE}.Debug|x64.Build.0 = Debug|x64
		{EE60FEAB-8108-46C8-A11F-9FB11CA0E9CE}.Debug|x86.ActiveCfg = Debug|x86
		{EE60FEAB-8108-46C8-A11F-9FB11CA0E9CE}.Debug|x86.Build.0 = Debug|x86
		{EE60FEAB-8108-46C8-A11F-9FB11CA0E9CE}.Release|Any CPU.ActiveCfg = Release|Any CPU
		{EE60FEAB-8108-46C8-A11F-9FB11CA0E9CE}.Release|Any CPU.Build.0 = Release|Any CPU
		{EE60FEAB-8108-46C8-A11F-9FB11CA0E9CE}.Release|x64.ActiveCfg = Release|x64
		{EE60FEAB-8108-46C8-A11F-9FB11CA0E9CE}.Release|x64.Build.0 = Release|x64
		{EE60FEAB-8108-46C8-A11F-9FB11CA0E9CE}.Release|x86.ActiveCfg = Release|x86
		{EE60FEAB-8108-46C8-A11F-9FB11CA0E9CE}.Release|x86.Build.0 = Release|x86
	EndGlobalSection
	GlobalSection(SolutionProperties) = preSolution
		HideSolutionNode = FALSE
	EndGlobalSection
	GlobalSection(NestedProjects) = preSolution
		{2B8665A9-0EC3-46C2-A475-A76771C8E5CF} = {A7564961-645A-4F79-B1FF-BECAACA6A640}
		{410100A3-230A-47FE-AC47-4C23A1790508} = {A7564961-645A-4F79-B1FF-BECAACA6A640}
		{045F9E7E-B91D-453D-8587-BEA7D8C22F91} = {A7564961-645A-4F79-B1FF-BECAACA6A640}
		{021F5A7B-D64D-40D6-AA92-2D564FD9B114} = {A7564961-645A-4F79-B1FF-BECAACA6A640}
		{EE60FEAB-8108-46C8-A11F-9FB11CA0E9CE} = {A7564961-645A-4F79-B1FF-BECAACA6A640}
	EndGlobalSection
EndGlobal
